
Microsoft Visual Studio Solution File, Format Version 12.00
# Visual Studio Version 17
VisualStudioVersion = 17.2.32516.85
MinimumVisualStudioVersion = 10.0.40219.1
Project("{9A19103F-16F7-4668-BE54-9A1E7A4F7556}") = "TrackerLibrary", "TrackerLibrary\TrackerLibrary.csproj", "{6EB3FF19-932A-40C1-B4B1-5299968A6EE9}"
EndProject
Project("{FAE04EC0-301F-11D3-BF4B-00C04F79EFBC}") = "TrackerUI", "TrackerUI\TrackerUI.csproj", "{880F74D1-2446-49E1-B914-96AD165CDE81}"
EndProject
Global
	GlobalSection(SolutionConfigurationPlatforms) = preSolution
		Debug|Any CPU = Debug|Any CPU
		Release|Any CPU = Release|Any CPU
	EndGlobalSection
	GlobalSection(ProjectConfigurationPlatforms) = postSolution
		{6EB3FF19-932A-40C1-B4B1-5299968A6EE9}.Debug|Any CPU.ActiveCfg = Debug|Any CPU
		{6EB3FF19-932A-40C1-B4B1-5299968A6EE9}.Debug|Any CPU.Build.0 = Debug|Any CPU
		{6EB3FF19-932A-40C1-B4B1-5299968A6EE9}.Release|Any CPU.ActiveCfg = Release|Any CPU
		{6EB3FF19-932A-40C1-B4B1-5299968A6EE9}.Release|Any CPU.Build.0 = Release|Any CPU
		{880F74D1-2446-49E1-B914-96AD165CDE81}.Debug|Any CPU.ActiveCfg = Debug|Any CPU
		{880F74D1-2446-49E1-B914-96AD165CDE81}.Debug|Any CPU.Build.0 = Debug|Any CPU
		{880F74D1-2446-49E1-B914-96AD165CDE81}.Release|Any CPU.ActiveCfg = Release|Any CPU
		{880F74D1-2446-49E1-B914-96AD165CDE81}.Release|Any CPU.Build.0 = Release|Any CPU
	EndGlobalSection
	GlobalSection(SolutionProperties) = preSolution
		HideSolutionNode = FALSE
	EndGlobalSection
	GlobalSection(ExtensibilityGlobals) = postSolution
		SolutionGuid = {8B267A99-3349-4DF8-97A3-19703359744D}
	EndGlobalSection
EndGlobal
